{
  "nodes": {
    "disko": {
      "inputs": {
        "nixpkgs": [
          "nixpkgs"
        ]
      },
      "locked": {
        "lastModified": 1707524024,
        "narHash": "sha256-HmumZ8FuWAAYZrWUKm3N4G4h8nmZ5VUVX+vXLmCJNKM=",
        "owner": "nix-community",
        "repo": "disko",
        "rev": "d07de570ba05cec2807d058daaa044f6955720c7",
        "type": "github"
      },
      "original": {
        "owner": "nix-community",
        "repo": "disko",
        "type": "github"
      }
    },
    "hardware": {
      "locked": {
        "lastModified": 1707842204,
        "narHash": "sha256-M+HAq1qWQBi/gywaMZwX0odU+Qb/XeqVeANGKRBDOwU=",
        "owner": "nixos",
        "repo": "nixos-hardware",
        "rev": "f1b2f71c86a5b1941d20608db0b1e88a07d31303",
        "type": "github"
      },
      "original": {
        "owner": "nixos",
        "repo": "nixos-hardware",
        "type": "github"
      }
    },
    "home-manager": {
      "inputs": {
        "nixpkgs": [
          "nixpkgs"
        ]
      },
      "locked": {
        "lastModified": 1707683400,
        "narHash": "sha256-Zc+J3UO1Xpx+NL8UB6woPHyttEy9cXXtm+0uWwzuYDc=",
        "owner": "nix-community",
        "repo": "home-manager",
        "rev": "21b078306a2ab68748abf72650db313d646cf2ca",
        "type": "github"
      },
      "original": {
        "owner": "nix-community",
        "repo": "home-manager",
        "type": "github"
      }
    },
    "jovian-nixos": {
      "inputs": {
        "nix-github-actions": "nix-github-actions",
        "nixpkgs": "nixpkgs"
      },
      "locked": {
        "lastModified": 1707880619,
        "narHash": "sha256-wBKg2Ty70ABGyp/iRxfRcA4kEHEJ+e5RNgZ5WzYJAws=",
        "owner": "anthr76",
        "repo": "jovian-NixOS-nvidia",
        "rev": "fe5ebdbd30adbd17b2fa60b2d890dd2bd65a32e0",
        "type": "github"
      },
      "original": {
        "owner": "anthr76",
        "repo": "jovian-NixOS-nvidia",
        "type": "github"
      }
    },
    "nix-github-actions": {
      "inputs": {
        "nixpkgs": [
          "jovian-nixos",
          "nixpkgs"
        ]
      },
      "locked": {
        "lastModified": 1690328911,
        "narHash": "sha256-fxtExYk+aGf2YbjeWQ8JY9/n9dwuEt+ma1eUFzF8Jeo=",
        "owner": "zhaofengli",
        "repo": "nix-github-actions",
        "rev": "96df4a39c52f53cb7098b923224d8ce941b64747",
        "type": "github"
      },
      "original": {
        "owner": "zhaofengli",
        "ref": "matrix-name",
        "repo": "nix-github-actions",
        "type": "github"
      }
    },
    "nixpkgs": {
      "locked": {
        "lastModified": 1707689078,
        "narHash": "sha256-UUGmRa84ZJHpGZ1WZEBEUOzaPOWG8LZ0yPg1pdDF/yM=",
        "owner": "NixOS",
        "repo": "nixpkgs",
        "rev": "f9d39fb9aff0efee4a3d5f4a6d7c17701d38a1d8",
        "type": "github"
      },
      "original": {
        "owner": "NixOS",
        "ref": "nixos-unstable",
        "repo": "nixpkgs",
        "type": "github"
      }
    },
    "nixpkgs-pr-169155": {
      "locked": {
        "lastModified": 1689118513,
        "narHash": "sha256-XXTRh491xME6nD4UEkBN+bcOpFWIBJ5P2Q/dRVRFeis=",
        "owner": "nixos",
        "repo": "nixpkgs",
        "rev": "2f0d2186cf8c98279625db83b527b1091107c61c",
        "type": "github"
      },
      "original": {
        "owner": "nixos",
        "ref": "2f0d2186cf8c98279625db83b527b1091107c61c",
        "repo": "nixpkgs",
        "type": "github"
      }
    },
    "nixpkgs-pr-269415": {
      "locked": {
        "lastModified": 1702378335,
        "narHash": "sha256-0kXsIG8EdhpuQHdBbfblHbmQyJQqmdT/6LpDKDVa+eI=",
        "owner": "nixos",
        "repo": "nixpkgs",
        "rev": "f4e7e4a19bb2ec8738caf0154ca2943776fca32b",
        "type": "github"
      },
      "original": {
        "owner": "nixos",
        "ref": "f4e7e4a19bb2ec8738caf0154ca2943776fca32b",
        "repo": "nixpkgs",
        "type": "github"
      }
    },
    "nixpkgs-stable": {
      "locked": {
        "lastModified": 1707603439,
        "narHash": "sha256-LodBVZ3+ehJP2azM5oj+JrhfNAAzmTJ/OwAIOn0RfZ0=",
        "owner": "NixOS",
        "repo": "nixpkgs",
        "rev": "d8cd80616c8800feec0cab64331d7c3d5a1a6d98",
        "type": "github"
      },
      "original": {
        "owner": "NixOS",
        "ref": "release-23.11",
        "repo": "nixpkgs",
        "type": "github"
      }
    },
    "nixpkgs-unstable": {
      "locked": {
        "lastModified": 1707689078,
        "narHash": "sha256-UUGmRa84ZJHpGZ1WZEBEUOzaPOWG8LZ0yPg1pdDF/yM=",
        "owner": "nixos",
        "repo": "nixpkgs",
        "rev": "f9d39fb9aff0efee4a3d5f4a6d7c17701d38a1d8",
        "type": "github"
      },
      "original": {
        "owner": "nixos",
        "ref": "nixos-unstable",
        "repo": "nixpkgs",
        "type": "github"
      }
    },
    "nixpkgs_2": {
      "locked": {
        "lastModified": 1707786466,
        "narHash": "sha256-yLPfrmW87M2qt+8bAmwopJawa+MJLh3M9rUbXtpUc1o=",
        "owner": "nixos",
        "repo": "nixpkgs",
        "rev": "01885a071465e223f8f68971f864b15829988504",
        "type": "github"
      },
      "original": {
        "owner": "nixos",
        "ref": "nixos-23.11",
        "repo": "nixpkgs",
        "type": "github"
      }
    },
    "nixpkgs_3": {
      "locked": {
        "lastModified": 1707451808,
        "narHash": "sha256-UwDBUNHNRsYKFJzyTMVMTF5qS4xeJlWoeyJf+6vvamU=",
        "owner": "NixOS",
        "repo": "nixpkgs",
        "rev": "442d407992384ed9c0e6d352de75b69079904e4e",
        "type": "github"
      },
      "original": {
        "owner": "NixOS",
        "ref": "nixpkgs-unstable",
        "repo": "nixpkgs",
        "type": "github"
      }
    },
    "root": {
      "inputs": {
        "disko": "disko",
        "hardware": "hardware",
        "home-manager": "home-manager",
        "jovian-nixos": "jovian-nixos",
        "nixpkgs": "nixpkgs_2",
        "nixpkgs-pr-169155": "nixpkgs-pr-169155",
        "nixpkgs-pr-269415": "nixpkgs-pr-269415",
        "nixpkgs-unstable": "nixpkgs-unstable",
        "sops-nix": "sops-nix"
      }
    },
    "sops-nix": {
      "inputs": {
        "nixpkgs": "nixpkgs_3",
        "nixpkgs-stable": "nixpkgs-stable"
      },
      "locked": {
        "lastModified": 1707842202,
        "narHash": "sha256-3dTBbCzHJBinwhsisGJHW1HLBsLbj91+a5ZDXt7ttW0=",
        "owner": "mic92",
        "repo": "sops-nix",
        "rev": "48afd3264ec52bee85231a7122612e2c5202fa74",
        "type": "github"
      },
      "original": {
        "owner": "mic92",
        "repo": "sops-nix",
        "type": "github"
      }
    }
  },
  "root": "root",
  "version": 7
}
